lockfileVersion: '9.0'

settings:
  autoInstallPeers: true
  excludeLinksFromLockfile: false

importers:

  .:
    dependencies:
      discord-api-types:
        specifier: ^0.38.0
        version: 0.38.31
    devDependencies:
      '@biomejs/biome':
        specifier: 2.3.2
        version: 2.3.2
      typedoc:
        specifier: 0.28.14
        version: 0.28.14(typescript@5.9.3)
      typescript:
        specifier: 5.9.3
        version: 5.9.3

packages:

  '@biomejs/biome@2.3.2':
    resolution: {integrity: sha512-8e9tzamuDycx7fdrcJ/F/GDZ8SYukc5ud6tDicjjFqURKYFSWMl0H0iXNXZEGmcmNUmABgGuHThPykcM41INgg==}
    engines: {node: '>=14.21.3'}
    hasBin: true

  '@biomejs/cli-darwin-arm64@2.3.2':
    resolution: {integrity: sha512-4LECm4kc3If0JISai4c3KWQzukoUdpxy4fRzlrPcrdMSRFksR9ZoXK7JBcPuLBmd2SoT4/d7CQS33VnZpgBjew==}
    engines: {node: '>=14.21.3'}
    cpu: [arm64]
    os: [darwin]

  '@biomejs/cli-darwin-x64@2.3.2':
    resolution: {integrity: sha512-jNMnfwHT4N3wi+ypRfMTjLGnDmKYGzxVr1EYAPBcauRcDnICFXN81wD6wxJcSUrLynoyyYCdfW6vJHS/IAoTDA==}
    engines: {node: '>=14.21.3'}
    cpu: [x64]
    os: [darwin]

  '@biomejs/cli-linux-arm64-musl@2.3.2':
    resolution: {integrity: sha512-2Zz4usDG1GTTPQnliIeNx6eVGGP2ry5vE/v39nT73a3cKN6t5H5XxjcEoZZh62uVZvED7hXXikclvI64vZkYqw==}
    engines: {node: '>=14.21.3'}
    cpu: [arm64]
    os: [linux]

  '@biomejs/cli-linux-arm64@2.3.2':
    resolution: {integrity: sha512-amnqvk+gWybbQleRRq8TMe0rIv7GHss8mFJEaGuEZYWg1Tw14YKOkeo8h6pf1c+d3qR+JU4iT9KXnBKGON4klw==}
    engines: {node: '>=14.21.3'}
    cpu: [arm64]
    os: [linux]

  '@biomejs/cli-linux-x64-musl@2.3.2':
    resolution: {integrity: sha512-gzB19MpRdTuOuLtPpFBGrV3Lq424gHyq2lFj8wfX9tvLMLdmA/R9C7k/mqBp/spcbWuHeIEKgEs3RviOPcWGBA==}
    engines: {node: '>=14.21.3'}
    cpu: [x64]
    os: [linux]

  '@biomejs/cli-linux-x64@2.3.2':
    resolution: {integrity: sha512-8BG/vRAhFz1pmuyd24FQPhNeueLqPtwvZk6yblABY2gzL2H8fLQAF/Z2OPIc+BPIVPld+8cSiKY/KFh6k81xfA==}
    engines: {node: '>=14.21.3'}
    cpu: [x64]
    os: [linux]

  '@biomejs/cli-win32-arm64@2.3.2':
    resolution: {integrity: sha512-lCruqQlfWjhMlOdyf5pDHOxoNm4WoyY2vZ4YN33/nuZBRstVDuqPPjS0yBkbUlLEte11FbpW+wWSlfnZfSIZvg==}
    engines: {node: '>=14.21.3'}
    cpu: [arm64]
    os: [win32]

  '@biomejs/cli-win32-x64@2.3.2':
    resolution: {integrity: sha512-6Ee9P26DTb4D8sN9nXxgbi9Dw5vSOfH98M7UlmkjKB2vtUbrRqCbZiNfryGiwnPIpd6YUoTl7rLVD2/x1CyEHQ==}
    engines: {node: '>=14.21.3'}
    cpu: [x64]
    os: [win32]

  '@gerrit0/mini-shiki@3.12.2':
    resolution: {integrity: sha512-HKZPmO8OSSAAo20H2B3xgJdxZaLTwtlMwxg0967scnrDlPwe6j5+ULGHyIqwgTbFCn9yv/ff8CmfWZLE9YKBzA==}

  '@shikijs/engine-oniguruma@3.12.2':
    resolution: {integrity: sha512-hozwnFHsLvujK4/CPVHNo3Bcg2EsnG8krI/ZQ2FlBlCRpPZW4XAEQmEwqegJsypsTAN9ehu2tEYe30lYKSZW/w==}

  '@shikijs/langs@3.12.2':
    resolution: {integrity: sha512-bVx5PfuZHDSHoBal+KzJZGheFuyH4qwwcwG/n+MsWno5cTlKmaNtTsGzJpHYQ8YPbB5BdEdKU1rga5/6JGY8ww==}

  '@shikijs/themes@3.12.2':
    resolution: {integrity: sha512-fTR3QAgnwYpfGczpIbzPjlRnxyONJOerguQv1iwpyQZ9QXX4qy/XFQqXlf17XTsorxnHoJGbH/LXBvwtqDsF5A==}

  '@shikijs/types@3.12.2':
    resolution: {integrity: sha512-K5UIBzxCyv0YoxN3LMrKB9zuhp1bV+LgewxuVwHdl4Gz5oePoUFrr9EfgJlGlDeXCU1b/yhdnXeuRvAnz8HN8Q==}

  '@shikijs/vscode-textmate@10.0.2':
    resolution: {integrity: sha512-83yeghZ2xxin3Nj8z1NMd/NCuca+gsYXswywDy5bHvwlWL8tpTQmzGeUuHd9FC3E/SBEMvzJRwWEOz5gGes9Qg==}

  '@types/hast@3.0.4':
    resolution: {integrity: sha512-WPs+bbQw5aCj+x6laNGWLH3wviHtoCv/P3+otBhbOhJgG8qtpdAMlTCxLtsTWA7LH1Oh/bFCHsBn0TPS5m30EQ==}

  '@types/unist@3.0.3':
    resolution: {integrity: sha512-ko/gIFJRv177XgZsZcBwnqJN5x/Gien8qNOn0D5bQU/zAzVf9Zt3BlcUiLqhV9y4ARk0GbT3tnUiPNgnTXzc/Q==}

  argparse@2.0.1:
    resolution: {integrity: sha512-8+9WqebbFzpX9OR+Wa6O29asIogeRMzcGtAINdpMHHyAg10f05aSFVBbcEqGf/PXw1EjAZ+q2/bEBg3DvurK3Q==}

  balanced-match@1.0.2:
    resolution: {integrity: sha512-3oSeUO0TMV67hN1AmbXsK4yaqU7tjiHlbxRDZOpH0KW9+CeX4bRAaX0Anxt0tx2MrpRpWwQaPwIlISEJhYU5Pw==}

  brace-expansion@2.0.1:
    resolution: {integrity: sha512-XnAIvQ8eM+kC6aULx6wuQiwVsnzsi9d3WxzV3FpWTGA19F621kwdbsAcFKXgKUHZWsy+mY6iL1sHTxWEFCytDA==}

  discord-api-types@0.38.31:
    resolution: {integrity: sha512-kC94ANsk8ackj8ENTuO8joTNEL0KtymVhHy9dyEC/s4QAZ7GCx40dYEzQaadyo8w+oP0X8QydE/nzAWRylTGtQ==}

  entities@4.5.0:
    resolution: {integrity: sha512-V0hjH4dGPh9Ao5p0MoRY6BVqtwCjhz6vI5LT8AJ55H+4g9/4vbHx1I54fS0XuclLhDHArPQCiMjDxjaL8fPxhw==}
    engines: {node: '>=0.12'}

  linkify-it@5.0.0:
    resolution: {integrity: sha512-5aHCbzQRADcdP+ATqnDuhhJ/MRIqDkZX5pyjFHRRysS8vZ5AbqGEoFIb6pYHPZ+L/OC2Lc+xT8uHVVR5CAK/wQ==}

  lunr@2.3.9:
    resolution: {integrity: sha512-zTU3DaZaF3Rt9rhN3uBMGQD3dD2/vFQqnvZCDv4dl5iOzq2IZQqTxu90r4E5J+nP70J3ilqVCrbho2eWaeW8Ow==}

  markdown-it@14.1.0:
    resolution: {integrity: sha512-a54IwgWPaeBCAAsv13YgmALOF1elABB08FxO9i+r4VFk5Vl4pKokRPeX8u5TCgSsPi6ec1otfLjdOpVcgbpshg==}
    hasBin: true

  mdurl@2.0.0:
    resolution: {integrity: sha512-Lf+9+2r+Tdp5wXDXC4PcIBjTDtq4UKjCPMQhKIuzpJNW0b96kVqSwW0bT7FhRSfmAiFYgP+SCRvdrDozfh0U5w==}

  minimatch@9.0.5:
    resolution: {integrity: sha512-G6T0ZX48xgozx7587koeX9Ys2NYy6Gmv//P89sEte9V9whIapMNF4idKxnW2QtCcLiTWlb/wfCabAtAFWhhBow==}
    engines: {node: '>=16 || 14 >=14.17'}

  punycode.js@2.3.1:
    resolution: {integrity: sha512-uxFIHU0YlHYhDQtV4R9J6a52SLx28BCjT+4ieh7IGbgwVJWO+km431c4yRlREUAsAmt/uMjQUyQHNEPf0M39CA==}
    engines: {node: '>=6'}

  typedoc@0.28.14:
    resolution: {integrity: sha512-ftJYPvpVfQvFzpkoSfHLkJybdA/geDJ8BGQt/ZnkkhnBYoYW6lBgPQXu6vqLxO4X75dA55hX8Af847H5KXlEFA==}
    engines: {node: '>= 18', pnpm: '>= 10'}
    hasBin: true
    peerDependencies:
      typescript: 5.0.x || 5.1.x || 5.2.x || 5.3.x || 5.4.x || 5.5.x || 5.6.x || 5.7.x || 5.8.x || 5.9.x

  typescript@5.9.3:
    resolution: {integrity: sha512-jl1vZzPDinLr9eUt3J/t7V6FgNEw9QjvBPdysz9KfQDD41fQrC2Y4vKQdiaUpFT4bXlb1RHhLpp8wtm6M5TgSw==}
    engines: {node: '>=14.17'}
    hasBin: true

  uc.micro@2.1.0:
    resolution: {integrity: sha512-ARDJmphmdvUk6Glw7y9DQ2bFkKBHwQHLi2lsaH6PPmz/Ka9sFOBsBluozhDltWmnv9u/cF6Rt87znRTPV+yp/A==}

  yaml@2.8.1:
    resolution: {integrity: sha512-lcYcMxX2PO9XMGvAJkJ3OsNMw+/7FKes7/hgerGUYWIoWu5j/+YQqcZr5JnPZWzOsEBgMbSbiSTn/dv/69Mkpw==}
    engines: {node: '>= 14.6'}
    hasBin: true

snapshots:

  '@biomejs/biome@2.3.2':
    optionalDependencies:
      '@biomejs/cli-darwin-arm64': 2.3.2
      '@biomejs/cli-darwin-x64': 2.3.2
      '@biomejs/cli-linux-arm64': 2.3.2
      '@biomejs/cli-linux-arm64-musl': 2.3.2
      '@biomejs/cli-linux-x64': 2.3.2
      '@biomejs/cli-linux-x64-musl': 2.3.2
      '@biomejs/cli-win32-arm64': 2.3.2
      '@biomejs/cli-win32-x64': 2.3.2

  '@biomejs/cli-darwin-arm64@2.3.2':
    optional: true

  '@biomejs/cli-darwin-x64@2.3.2':
    optional: true

  '@biomejs/cli-linux-arm64-musl@2.3.2':
    optional: true

  '@biomejs/cli-linux-arm64@2.3.2':
    optional: true

  '@biomejs/cli-linux-x64-musl@2.3.2':
    optional: true

  '@biomejs/cli-linux-x64@2.3.2':
    optional: true

  '@biomejs/cli-win32-arm64@2.3.2':
    optional: true

  '@biomejs/cli-win32-x64@2.3.2':
    optional: true

  '@gerrit0/mini-shiki@3.12.2':
    dependencies:
      '@shikijs/engine-oniguruma': 3.12.2
      '@shikijs/langs': 3.12.2
      '@shikijs/themes': 3.12.2
      '@shikijs/types': 3.12.2
      '@shikijs/vscode-textmate': 10.0.2

  '@shikijs/engine-oniguruma@3.12.2':
    dependencies:
      '@shikijs/types': 3.12.2
      '@shikijs/vscode-textmate': 10.0.2

  '@shikijs/langs@3.12.2':
    dependencies:
      '@shikijs/types': 3.12.2

  '@shikijs/themes@3.12.2':
    dependencies:
      '@shikijs/types': 3.12.2

  '@shikijs/types@3.12.2':
    dependencies:
      '@shikijs/vscode-textmate': 10.0.2
      '@types/hast': 3.0.4

  '@shikijs/vscode-textmate@10.0.2': {}

  '@types/hast@3.0.4':
    dependencies:
      '@types/unist': 3.0.3

  '@types/unist@3.0.3': {}

  argparse@2.0.1: {}

  balanced-match@1.0.2: {}

  brace-expansion@2.0.1:
    dependencies:
      balanced-match: 1.0.2

  discord-api-types@0.38.31: {}

  entities@4.5.0: {}

  linkify-it@5.0.0:
    dependencies:
      uc.micro: 2.1.0

  lunr@2.3.9: {}

  markdown-it@14.1.0:
    dependencies:
      argparse: 2.0.1
      entities: 4.5.0
      linkify-it: 5.0.0
      mdurl: 2.0.0
      punycode.js: 2.3.1
      uc.micro: 2.1.0

  mdurl@2.0.0: {}

  minimatch@9.0.5:
    dependencies:
      brace-expansion: 2.0.1

  punycode.js@2.3.1: {}

  typedoc@0.28.14(typescript@5.9.3):
    dependencies:
      '@gerrit0/mini-shiki': 3.12.2
      lunr: 2.3.9
      markdown-it: 14.1.0
      minimatch: 9.0.5
      typescript: 5.9.3
      yaml: 2.8.1

  typescript@5.9.3: {}

  uc.micro@2.1.0: {}

  yaml@2.8.1: {}
