lockfileVersion: '9.0'

settings:
  autoInstallPeers: true
  excludeLinksFromLockfile: false

importers:

  .:
    dependencies:
      discord-api-types:
        specifier: ^0.38.0
        version: 0.38.15
    devDependencies:
      '@biomejs/biome':
        specifier: 2.1.1
        version: 2.1.1
      typedoc:
        specifier: 0.28.7
        version: 0.28.7(typescript@5.8.3)
      typescript:
        specifier: 5.8.3
        version: 5.8.3

packages:

  '@biomejs/biome@2.1.1':
    resolution: {integrity: sha512-HFGYkxG714KzG+8tvtXCJ1t1qXQMzgWzfvQaUjxN6UeKv+KvMEuliInnbZLJm6DXFXwqVi6446EGI0sGBLIYng==}
    engines: {node: '>=14.21.3'}
    hasBin: true

  '@biomejs/cli-darwin-arm64@2.1.1':
    resolution: {integrity: sha512-2Muinu5ok4tWxq4nu5l19el48cwCY/vzvI7Vjbkf3CYIQkjxZLyj0Ad37Jv2OtlXYaLvv+Sfu1hFeXt/JwRRXQ==}
    engines: {node: '>=14.21.3'}
    cpu: [arm64]
    os: [darwin]

  '@biomejs/cli-darwin-x64@2.1.1':
    resolution: {integrity: sha512-cC8HM5lrgKQXLAK+6Iz2FrYW5A62pAAX6KAnRlEyLb+Q3+Kr6ur/sSuoIacqlp1yvmjHJqjYfZjPvHWnqxoEIA==}
    engines: {node: '>=14.21.3'}
    cpu: [x64]
    os: [darwin]

  '@biomejs/cli-linux-arm64-musl@2.1.1':
    resolution: {integrity: sha512-/7FBLnTswu4jgV9ttI3AMIdDGqVEPIZd8I5u2D4tfCoj8rl9dnjrEQbAIDlWhUXdyWlFSz8JypH3swU9h9P+2A==}
    engines: {node: '>=14.21.3'}
    cpu: [arm64]
    os: [linux]

  '@biomejs/cli-linux-arm64@2.1.1':
    resolution: {integrity: sha512-tw4BEbhAUkWPe4WBr6IX04DJo+2jz5qpPzpW/SWvqMjb9QuHY8+J0M23V8EPY/zWU4IG8Ui0XESapR1CB49Q7g==}
    engines: {node: '>=14.21.3'}
    cpu: [arm64]
    os: [linux]

  '@biomejs/cli-linux-x64-musl@2.1.1':
    resolution: {integrity: sha512-kUu+loNI3OCD2c12cUt7M5yaaSjDnGIksZwKnueubX6c/HWUyi/0mPbTBHR49Me3F0KKjWiKM+ZOjsmC+lUt9g==}
    engines: {node: '>=14.21.3'}
    cpu: [x64]
    os: [linux]

  '@biomejs/cli-linux-x64@2.1.1':
    resolution: {integrity: sha512-3WJ1GKjU7NzZb6RTbwLB59v9cTIlzjbiFLDB0z4376TkDqoNYilJaC37IomCr/aXwuU8QKkrYoHrgpSq5ffJ4Q==}
    engines: {node: '>=14.21.3'}
    cpu: [x64]
    os: [linux]

  '@biomejs/cli-win32-arm64@2.1.1':
    resolution: {integrity: sha512-vEHK0v0oW+E6RUWLoxb2isI3rZo57OX9ZNyyGH701fZPj6Il0Rn1f5DMNyCmyflMwTnIQstEbs7n2BxYSqQx4Q==}
    engines: {node: '>=14.21.3'}
    cpu: [arm64]
    os: [win32]

  '@biomejs/cli-win32-x64@2.1.1':
    resolution: {integrity: sha512-i2PKdn70kY++KEF/zkQFvQfX1e8SkA8hq4BgC+yE9dZqyLzB/XStY2MvwI3qswlRgnGpgncgqe0QYKVS1blksg==}
    engines: {node: '>=14.21.3'}
    cpu: [x64]
    os: [win32]

  '@gerrit0/mini-shiki@3.7.0':
    resolution: {integrity: sha512-7iY9wg4FWXmeoFJpUL2u+tsmh0d0jcEJHAIzVxl3TG4KL493JNnisdLAILZ77zcD+z3J0keEXZ+lFzUgzQzPDg==}

  '@shikijs/engine-oniguruma@3.7.0':
    resolution: {integrity: sha512-5BxcD6LjVWsGu4xyaBC5bu8LdNgPCVBnAkWTtOCs/CZxcB22L8rcoWfv7Hh/3WooVjBZmFtyxhgvkQFedPGnFw==}

  '@shikijs/langs@3.7.0':
    resolution: {integrity: sha512-1zYtdfXLr9xDKLTGy5kb7O0zDQsxXiIsw1iIBcNOO8Yi5/Y1qDbJ+0VsFoqTlzdmneO8Ij35g7QKF8kcLyznCQ==}

  '@shikijs/themes@3.7.0':
    resolution: {integrity: sha512-VJx8497iZPy5zLiiCTSIaOChIcKQwR0FebwE9S3rcN0+J/GTWwQ1v/bqhTbpbY3zybPKeO8wdammqkpXc4NVjQ==}

  '@shikijs/types@3.7.0':
    resolution: {integrity: sha512-MGaLeaRlSWpnP0XSAum3kP3a8vtcTsITqoEPYdt3lQG3YCdQH4DnEhodkYcNMcU0uW0RffhoD1O3e0vG5eSBBg==}

  '@shikijs/vscode-textmate@10.0.2':
    resolution: {integrity: sha512-83yeghZ2xxin3Nj8z1NMd/NCuca+gsYXswywDy5bHvwlWL8tpTQmzGeUuHd9FC3E/SBEMvzJRwWEOz5gGes9Qg==}

  '@types/hast@3.0.4':
    resolution: {integrity: sha512-WPs+bbQw5aCj+x6laNGWLH3wviHtoCv/P3+otBhbOhJgG8qtpdAMlTCxLtsTWA7LH1Oh/bFCHsBn0TPS5m30EQ==}

  '@types/unist@3.0.3':
    resolution: {integrity: sha512-ko/gIFJRv177XgZsZcBwnqJN5x/Gien8qNOn0D5bQU/zAzVf9Zt3BlcUiLqhV9y4ARk0GbT3tnUiPNgnTXzc/Q==}

  argparse@2.0.1:
    resolution: {integrity: sha512-8+9WqebbFzpX9OR+Wa6O29asIogeRMzcGtAINdpMHHyAg10f05aSFVBbcEqGf/PXw1EjAZ+q2/bEBg3DvurK3Q==}

  balanced-match@1.0.2:
    resolution: {integrity: sha512-3oSeUO0TMV67hN1AmbXsK4yaqU7tjiHlbxRDZOpH0KW9+CeX4bRAaX0Anxt0tx2MrpRpWwQaPwIlISEJhYU5Pw==}

  brace-expansion@2.0.1:
    resolution: {integrity: sha512-XnAIvQ8eM+kC6aULx6wuQiwVsnzsi9d3WxzV3FpWTGA19F621kwdbsAcFKXgKUHZWsy+mY6iL1sHTxWEFCytDA==}

  discord-api-types@0.38.15:
    resolution: {integrity: sha512-RX3skyRH7p6BlHOW62ztdnIc87+wv4TEJEURMir5k5BbRJ10wK1MCqFEO6USHTol3gkiHLE6wWoHhNQ2pqB4AA==}

  entities@4.5.0:
    resolution: {integrity: sha512-V0hjH4dGPh9Ao5p0MoRY6BVqtwCjhz6vI5LT8AJ55H+4g9/4vbHx1I54fS0XuclLhDHArPQCiMjDxjaL8fPxhw==}
    engines: {node: '>=0.12'}

  linkify-it@5.0.0:
    resolution: {integrity: sha512-5aHCbzQRADcdP+ATqnDuhhJ/MRIqDkZX5pyjFHRRysS8vZ5AbqGEoFIb6pYHPZ+L/OC2Lc+xT8uHVVR5CAK/wQ==}

  lunr@2.3.9:
    resolution: {integrity: sha512-zTU3DaZaF3Rt9rhN3uBMGQD3dD2/vFQqnvZCDv4dl5iOzq2IZQqTxu90r4E5J+nP70J3ilqVCrbho2eWaeW8Ow==}

  markdown-it@14.1.0:
    resolution: {integrity: sha512-a54IwgWPaeBCAAsv13YgmALOF1elABB08FxO9i+r4VFk5Vl4pKokRPeX8u5TCgSsPi6ec1otfLjdOpVcgbpshg==}
    hasBin: true

  mdurl@2.0.0:
    resolution: {integrity: sha512-Lf+9+2r+Tdp5wXDXC4PcIBjTDtq4UKjCPMQhKIuzpJNW0b96kVqSwW0bT7FhRSfmAiFYgP+SCRvdrDozfh0U5w==}

  minimatch@9.0.5:
    resolution: {integrity: sha512-G6T0ZX48xgozx7587koeX9Ys2NYy6Gmv//P89sEte9V9whIapMNF4idKxnW2QtCcLiTWlb/wfCabAtAFWhhBow==}
    engines: {node: '>=16 || 14 >=14.17'}

  punycode.js@2.3.1:
    resolution: {integrity: sha512-uxFIHU0YlHYhDQtV4R9J6a52SLx28BCjT+4ieh7IGbgwVJWO+km431c4yRlREUAsAmt/uMjQUyQHNEPf0M39CA==}
    engines: {node: '>=6'}

  typedoc@0.28.7:
    resolution: {integrity: sha512-lpz0Oxl6aidFkmS90VQDQjk/Qf2iw0IUvFqirdONBdj7jPSN9mGXhy66BcGNDxx5ZMyKKiBVAREvPEzT6Uxipw==}
    engines: {node: '>= 18', pnpm: '>= 10'}
    hasBin: true
    peerDependencies:
      typescript: 5.0.x || 5.1.x || 5.2.x || 5.3.x || 5.4.x || 5.5.x || 5.6.x || 5.7.x || 5.8.x

  typescript@5.8.3:
    resolution: {integrity: sha512-p1diW6TqL9L07nNxvRMM7hMMw4c5XOo/1ibL4aAIGmSAt9slTE1Xgw5KWuof2uTOvCg9BY7ZRi+GaF+7sfgPeQ==}
    engines: {node: '>=14.17'}
    hasBin: true

  uc.micro@2.1.0:
    resolution: {integrity: sha512-ARDJmphmdvUk6Glw7y9DQ2bFkKBHwQHLi2lsaH6PPmz/Ka9sFOBsBluozhDltWmnv9u/cF6Rt87znRTPV+yp/A==}

  yaml@2.8.0:
    resolution: {integrity: sha512-4lLa/EcQCB0cJkyts+FpIRx5G/llPxfP6VQU5KByHEhLxY3IJCH0f0Hy1MHI8sClTvsIb8qwRJ6R/ZdlDJ/leQ==}
    engines: {node: '>= 14.6'}
    hasBin: true

snapshots:

  '@biomejs/biome@2.1.1':
    optionalDependencies:
      '@biomejs/cli-darwin-arm64': 2.1.1
      '@biomejs/cli-darwin-x64': 2.1.1
      '@biomejs/cli-linux-arm64': 2.1.1
      '@biomejs/cli-linux-arm64-musl': 2.1.1
      '@biomejs/cli-linux-x64': 2.1.1
      '@biomejs/cli-linux-x64-musl': 2.1.1
      '@biomejs/cli-win32-arm64': 2.1.1
      '@biomejs/cli-win32-x64': 2.1.1

  '@biomejs/cli-darwin-arm64@2.1.1':
    optional: true

  '@biomejs/cli-darwin-x64@2.1.1':
    optional: true

  '@biomejs/cli-linux-arm64-musl@2.1.1':
    optional: true

  '@biomejs/cli-linux-arm64@2.1.1':
    optional: true

  '@biomejs/cli-linux-x64-musl@2.1.1':
    optional: true

  '@biomejs/cli-linux-x64@2.1.1':
    optional: true

  '@biomejs/cli-win32-arm64@2.1.1':
    optional: true

  '@biomejs/cli-win32-x64@2.1.1':
    optional: true

  '@gerrit0/mini-shiki@3.7.0':
    dependencies:
      '@shikijs/engine-oniguruma': 3.7.0
      '@shikijs/langs': 3.7.0
      '@shikijs/themes': 3.7.0
      '@shikijs/types': 3.7.0
      '@shikijs/vscode-textmate': 10.0.2

  '@shikijs/engine-oniguruma@3.7.0':
    dependencies:
      '@shikijs/types': 3.7.0
      '@shikijs/vscode-textmate': 10.0.2

  '@shikijs/langs@3.7.0':
    dependencies:
      '@shikijs/types': 3.7.0

  '@shikijs/themes@3.7.0':
    dependencies:
      '@shikijs/types': 3.7.0

  '@shikijs/types@3.7.0':
    dependencies:
      '@shikijs/vscode-textmate': 10.0.2
      '@types/hast': 3.0.4

  '@shikijs/vscode-textmate@10.0.2': {}

  '@types/hast@3.0.4':
    dependencies:
      '@types/unist': 3.0.3

  '@types/unist@3.0.3': {}

  argparse@2.0.1: {}

  balanced-match@1.0.2: {}

  brace-expansion@2.0.1:
    dependencies:
      balanced-match: 1.0.2

  discord-api-types@0.38.15: {}

  entities@4.5.0: {}

  linkify-it@5.0.0:
    dependencies:
      uc.micro: 2.1.0

  lunr@2.3.9: {}

  markdown-it@14.1.0:
    dependencies:
      argparse: 2.0.1
      entities: 4.5.0
      linkify-it: 5.0.0
      mdurl: 2.0.0
      punycode.js: 2.3.1
      uc.micro: 2.1.0

  mdurl@2.0.0: {}

  minimatch@9.0.5:
    dependencies:
      brace-expansion: 2.0.1

  punycode.js@2.3.1: {}

  typedoc@0.28.7(typescript@5.8.3):
    dependencies:
      '@gerrit0/mini-shiki': 3.7.0
      lunr: 2.3.9
      markdown-it: 14.1.0
      minimatch: 9.0.5
      typescript: 5.8.3
      yaml: 2.8.0

  typescript@5.8.3: {}

  uc.micro@2.1.0: {}

  yaml@2.8.0: {}
